dependencies:
  dc_bambu:
    component_hash: 8f787c56acb6233f1e65e851eb1261d4ae4d215a4aadd3236e585b499e4c66df
    dependencies:
    - name: idf
      version: '>=5.3'
    source:
      git: https://github.com/justinh-rahb/dragon-core.git
      path: components/dc_bambu
      type: git
    version: 7dec6a1ed93655e79d729fa0268965bd42a4def9
  dc_evlog:
    component_hash: 169da5fe151983e5dacd6a7a6206f5dc7ce0542f649adccb2104ea8df2d5b7f4
    dependencies:
    - name: idf
      version: '>=5.3'
    source:
      git: https://github.com/justinh-rahb/dragon-core.git
      path: components/dc_evlog
      type: git
    version: 7dec6a1ed93655e79d729fa0268965bd42a4def9
  dc_lighting:
    component_hash: 3cf0f9239bde2a1feb516a5173151f114d0737e811adbd493d3acfbd9b0ed0da
    dependencies:
    - name: idf
      version: '>=5.3'
    - name: espressif/led_strip
      version: ^2.5.3
    source:
      git: https://github.com/justinh-rahb/dragon-core.git
      path: components/dc_lighting
      type: git
    version: 7dec6a1ed93655e79d729fa0268965bd42a4def9
  dc_moonraker:
    component_hash: 7123fa507144fd993af901f8c8cf7197b75fb2c67242ec3ac713147f01b8ab1e
    dependencies:
    - name: idf
      version: '>=5.3'
    - name: espressif/esp_websocket_client
      version: ^1.3.0
    source:
      git: https://github.com/justinh-rahb/dragon-core.git
      path: components/dc_moonraker
      type: git
    version: 7dec6a1ed93655e79d729fa0268965bd42a4def9
  dc_portal:
    component_hash: 4b8ad52df81960e6a1bdc7d5b81fa36749fb7c18331e11a721eae6b9f828f4ef
    dependencies:
    - name: idf
      version: '>=5.3'
    source:
      git: https://github.com/justinh-rahb/dragon-core.git
      path: components/dc_portal
      type: git
    version: 7dec6a1ed93655e79d729fa0268965bd42a4def9
  dc_source:
    component_hash: 673fa10f33be5721433e83b423fefb4b5c89700c38bbb79440c3e5e690f1c557
    dependencies:
    - name: idf
      version: '>=5.3'
    source:
      git: https://github.com/justinh-rahb/dragon-core.git
      path: components/dc_source
      type: git
    version: 7dec6a1ed93655e79d729fa0268965bd42a4def9
  dc_ui:
    component_hash: b844217164e9c918da7390ed89b77a250212dae27e63b51e90a9e04b3d4a028d
    dependencies:
    - name: idf
      version: '>=5.3'
    source:
      git: https://github.com/justinh-rahb/dragon-core.git
      path: components/dc_ui
      type: git
    version: 7dec6a1ed93655e79d729fa0268965bd42a4def9
  dc_wifi:
    component_hash: 863802116104746f1e09eb4a7b398a85289d8a85fd498c8f0a8495bc454397ea
    dependencies:
    - name: idf
      version: '>=5.3'
    - name: espressif/mdns
      version: ^1.4.0
    source:
      git: https://github.com/justinh-rahb/dragon-core.git
      path: components/dc_wifi
      type: git
    version: 7dec6a1ed93655e79d729fa0268965bd42a4def9
  espressif/es8311:
    component_hash: 46b3117250344bb03f143d5e2becf81cfb111679fbd7b95cefc2d302d36cc393
    dependencies:
    - name: idf
      require: private
      version: '>=4.4,<6.0'
    source:
      registry_url: https://components.espressif.com/
      type: service
    version: 1.0.0~1
  espressif/esp_websocket_client:
    component_hash: dc00233af846f3a744ada283a300e0d586040aadc3ee67361645ecdce4523672
    dependencies:
    - name: idf
      require: private
      version: '>=5.0'
    source:
      registry_url: https://components.espressif.com/
      type: service
    version: 1.8.0
  espressif/led_strip:
    component_hash: 28c6509a727ef74925b372ed404772aeedf11cce10b78c3f69b3c66799095e2d
    dependencies:
    - name: idf
      require: private
      version: '>=4.4'
    source:
      registry_url: https://components.espressif.com/
      type: service
    version: 2.5.5
  espressif/mdns:
    component_hash: e81ca7a7f53ea34e78274df054da692c272e1315572876b237b1748e267c013b
    dependencies:
    - name: idf
      require: private
      version: '>=5.0'
    source:
      registry_url: https://components.espressif.com/
      type: service
    version: 1.11.3
  idf:
    source:
      type: idf
    version: 5.3.1
direct_dependencies:
- dc_bambu
- dc_evlog
- dc_lighting
- dc_moonraker
- dc_portal
- dc_source
- dc_ui
- dc_wifi
- espressif/es8311
- espressif/led_strip
- idf
manifest_hash: 6e225ded74f6898e1c041fe8df214f5761524007e349fc95037d8a16dc61e4ca
target: esp32c3
version: 2.0.0
