dependencies:
  dc_bambu:
    component_hash: 21e042054a8189d89af51daf19fb24e7026d56a3454a34b029a2c86b0f340a80
    dependencies:
    - name: idf
      version: '>=5.3'
    source:
      git: https://github.com/justinh-rahb/dragon-core.git
      path: components/dc_bambu
      type: git
    version: e7c06235a2f9ea4215d98924ff8b5a9b354c63a7
  dc_evlog:
    component_hash: bd1f8aef8bc64fb0fcf55fe305d595d373c183f25481e9249a023f9262e078d1
    dependencies:
    - name: idf
      version: '>=5.3'
    source:
      git: https://github.com/justinh-rahb/dragon-core.git
      path: components/dc_evlog
      type: git
    version: e7c06235a2f9ea4215d98924ff8b5a9b354c63a7
  dc_lighting:
    component_hash: 650105399109fe8d3d1fd173cf8f4a50032e44e7a1e309808a1beb7ea5f18c2c
    dependencies:
    - name: idf
      version: '>=5.3'
    - name: espressif/led_strip
      version: ^2.5.3
    source:
      git: https://github.com/justinh-rahb/dragon-core.git
      path: components/dc_lighting
      type: git
    version: e7c06235a2f9ea4215d98924ff8b5a9b354c63a7
  dc_moonraker:
    component_hash: 1b1696e49616a5c2045a57aef2bcfc7451333d30f6d94c542d7154ef5e7778f6
    dependencies:
    - name: idf
      version: '>=5.3'
    - name: espressif/esp_websocket_client
      version: ^1.3.0
    source:
      git: https://github.com/justinh-rahb/dragon-core.git
      path: components/dc_moonraker
      type: git
    version: e7c06235a2f9ea4215d98924ff8b5a9b354c63a7
  dc_portal:
    component_hash: 7de0e94eacbbbb3556ef2c3acd47051acdaf6db3dda9d66c0f0f1d128e2d3395
    dependencies:
    - name: idf
      version: '>=5.3'
    source:
      git: https://github.com/justinh-rahb/dragon-core.git
      path: components/dc_portal
      type: git
    version: e7c06235a2f9ea4215d98924ff8b5a9b354c63a7
  dc_source:
    component_hash: ca5d7a04595a463dc25ab7b7713aa61b9afeba7cb60e8b68164961c8d58efca5
    dependencies:
    - name: idf
      version: '>=5.3'
    source:
      git: https://github.com/justinh-rahb/dragon-core.git
      path: components/dc_source
      type: git
    version: e7c06235a2f9ea4215d98924ff8b5a9b354c63a7
  dc_ui:
    component_hash: 65df983f7faa07bb586422d392101e2cf7ad4ec8015a56eaa5edd85374576187
    dependencies:
    - name: idf
      version: '>=5.3'
    source:
      git: https://github.com/justinh-rahb/dragon-core.git
      path: components/dc_ui
      type: git
    version: e7c06235a2f9ea4215d98924ff8b5a9b354c63a7
  dc_wifi:
    component_hash: 4094ba681bc9d55b1e4b35918e86f2f8715d766021e1abbe9f4de6a9870a51cf
    dependencies:
    - name: idf
      version: '>=5.3'
    - name: espressif/mdns
      version: ^1.4.0
    source:
      git: https://github.com/justinh-rahb/dragon-core.git
      path: components/dc_wifi
      type: git
    version: e7c06235a2f9ea4215d98924ff8b5a9b354c63a7
  espressif/es8311:
    component_hash: 46b3117250344bb03f143d5e2becf81cfb111679fbd7b95cefc2d302d36cc393
    dependencies:
    - name: idf
      require: private
      version: '>=4.4,<6.0'
    source:
      registry_url: https://components.espressif.com/
      type: service
    version: 1.0.0~1
  espressif/esp_websocket_client:
    component_hash: dc00233af846f3a744ada283a300e0d586040aadc3ee67361645ecdce4523672
    dependencies:
    - name: idf
      require: private
      version: '>=5.0'
    source:
      registry_url: https://components.espressif.com/
      type: service
    version: 1.8.0
  espressif/led_strip:
    component_hash: 28c6509a727ef74925b372ed404772aeedf11cce10b78c3f69b3c66799095e2d
    dependencies:
    - name: idf
      require: private
      version: '>=4.4'
    source:
      registry_url: https://components.espressif.com/
      type: service
    version: 2.5.5
  espressif/mdns:
    component_hash: 3ba256ac95e07c274be53cbd73f06cb846c403b61e8fbdf1be57bdb79db7a63e
    dependencies:
    - name: idf
      require: private
      version: '>=5.0'
    source:
      registry_url: https://components.espressif.com/
      type: service
    version: 1.12.0
  idf:
    source:
      type: idf
    version: 5.3.1
direct_dependencies:
- dc_bambu
- dc_evlog
- dc_lighting
- dc_moonraker
- dc_portal
- dc_source
- dc_ui
- dc_wifi
- espressif/es8311
- espressif/led_strip
- idf
manifest_hash: 74a4ee74d7cb6a14ded4856f6cf237b01e3c72e3b2e04863d3fa5e49ef8d632b
target: esp32c3
version: 2.0.0
